// !$*UTF8*$!
{
	archiveVersion = 1;
	classes = {
	};
	objectVersion = 55;
	objects = {

/* Begin PBXBuildFile section */
		77781951275F578B00A6DFCD /* AppleMusic_HWApp.swift in Sources */ = {isa = PBXBuildFile; fileRef = 77781950275F578B00A6DFCD /* AppleMusic_HWApp.swift */; };
		77781953275F578B00A6DFCD /* ContentView.swift in Sources */ = {isa = PBXBuildFile; fileRef = 77781952275F578B00A6DFCD /* ContentView.swift */; };
		77781955275F578D00A6DFCD /* Assets.xcassets in Resources */ = {isa = PBXBuildFile; fileRef = 77781954275F578D00A6DFCD /* Assets.xcassets */; };
		77781958275F578D00A6DFCD /* Preview Assets.xcassets in Resources */ = {isa = PBXBuildFile; fileRef = 77781957275F578D00A6DFCD /* Preview Assets.xcassets */; };
		77781970275F5BAC00A6DFCD /* MediaView.swift in Sources */ = {isa = PBXBuildFile; fileRef = 7778196F275F5BAC00A6DFCD /* MediaView.swift */; };
		77781972275F5BBC00A6DFCD /* MediaModel.swift in Sources */ = {isa = PBXBuildFile; fileRef = 77781971275F5BBC00A6DFCD /* MediaModel.swift */; };
/* End PBXBuildFile section */

/* Begin PBXFileReference section */
		7778194D275F578B00A6DFCD /* AppleMusic_HW.app */ = {isa = PBXFileReference; explicitFileType = wrapper.application; includeInIndex = 0; path = AppleMusic_HW.app; sourceTree = BUILT_PRODUCTS_DIR; };
		77781950275F578B00A6DFCD /* AppleMusic_HWApp.swift */ = {isa = PBXFileReference; lastKnownFileType = sourcecode.swift; path = AppleMusic_HWApp.swift; sourceTree = "<group>"; };
		77781952275F578B00A6DFCD /* ContentView.swift */ = {isa = PBXFileReference; lastKnownFileType = sourcecode.swift; path = ContentView.swift; sourceTree = "<group>"; };
		77781954275F578D00A6DFCD /* Assets.xcassets */ = {isa = PBXFileReference; lastKnownFileType = folder.assetcatalog; path = Assets.xcassets; sourceTree = "<group>"; };
		77781957275F578D00A6DFCD /* Preview Assets.xcassets */ = {isa = PBXFileReference; lastKnownFileType = folder.assetcatalog; path = "Preview Assets.xcassets"; sourceTree = "<group>"; };
		7778196F275F5BAC00A6DFCD /* MediaView.swift */ = {isa = PBXFileReference; lastKnownFileType = sourcecode.swift; path = MediaView.swift; sourceTree = "<group>"; };
		77781971275F5BBC00A6DFCD /* MediaModel.swift */ = {isa = PBXFileReference; lastKnownFileType = sourcecode.swift; path = MediaModel.swift; sourceTree = "<group>"; };
/* End PBXFileReference section */

/* Begin PBXFrameworksBuildPhase section */
		7778194A275F578B00A6DFCD /* Frameworks */ = {
			isa = PBXFrameworksBuildPhase;
			buildActionMask = 2147483647;
			files = (
			);
			runOnlyForDeploymentPostprocessing = 0;
		};
/* End PBXFrameworksBuildPhase section */

/* Begin PBXGroup section */
		77781944275F578B00A6DFCD = {
			isa = PBXGroup;
			children = (
				7778194F275F578B00A6DFCD /* AppleMusic_HW */,
				7778194E275F578B00A6DFCD /* Products */,
			);
			sourceTree = "<group>";
		};
		7778194E275F578B00A6DFCD /* Products */ = {
			isa = PBXGroup;
			children = (
				7778194D275F578B00A6DFCD /* AppleMusic_HW.app */,
			);
			name = Products;
			sourceTree = "<group>";
		};
		7778194F275F578B00A6DFCD /* AppleMusic_HW */ = {
			isa = PBXGroup;
			children = (
				77781968275F595400A6DFCD /* Media */,
				77781967275F58C600A6DFCD /* TabView */,
				77781964275F58B800A6DFCD /* Search */,
				77781961275F58AA00A6DFCD /* Player */,
				7778195E275F589A00A6DFCD /* Radio */,
				77781954275F578D00A6DFCD /* Assets.xcassets */,
				77781956275F578D00A6DFCD /* Preview Content */,
			);
			path = AppleMusic_HW;
			sourceTree = "<group>";
		};
		77781956275F578D00A6DFCD /* Preview Content */ = {
			isa = PBXGroup;
			children = (
				77781957275F578D00A6DFCD /* Preview Assets.xcassets */,
			);
			path = "Preview Content";
			sourceTree = "<group>";
		};
		7778195E275F589A00A6DFCD /* Radio */ = {
			isa = PBXGroup;
			children = (
				77781960275F58A500A6DFCD /* View */,
				7778195F275F589F00A6DFCD /* Model */,
			);
			path = Radio;
			sourceTree = "<group>";
		};
		7778195F275F589F00A6DFCD /* Model */ = {
			isa = PBXGroup;
			children = (
			);
			path = Model;
			sourceTree = "<group>";
		};
		77781960275F58A500A6DFCD /* View */ = {
			isa = PBXGroup;
			children = (
			);
			path = View;
			sourceTree = "<group>";
		};
		77781961275F58AA00A6DFCD /* Player */ = {
			isa = PBXGroup;
			children = (
				77781963275F58B400A6DFCD /* Model */,
				77781962275F58AF00A6DFCD /* View */,
			);
			path = Player;
			sourceTree = "<group>";
		};
		77781962275F58AF00A6DFCD /* View */ = {
			isa = PBXGroup;
			children = (
			);
			path = View;
			sourceTree = "<group>";
		};
		77781963275F58B400A6DFCD /* Model */ = {
			isa = PBXGroup;
			children = (
			);
			path = Model;
			sourceTree = "<group>";
		};
		77781964275F58B800A6DFCD /* Search */ = {
			isa = PBXGroup;
			children = (
				77781966275F58C300A6DFCD /* View */,
				77781965275F58BD00A6DFCD /* Model */,
			);
			path = Search;
			sourceTree = "<group>";
		};
		77781965275F58BD00A6DFCD /* Model */ = {
			isa = PBXGroup;
			children = (
			);
			path = Model;
			sourceTree = "<group>";
		};
		77781966275F58C300A6DFCD /* View */ = {
			isa = PBXGroup;
			children = (
			);
			path = View;
			sourceTree = "<group>";
		};
		77781967275F58C600A6DFCD /* TabView */ = {
			isa = PBXGroup;
			children = (
				77781950275F578B00A6DFCD /* AppleMusic_HWApp.swift */,
				77781952275F578B00A6DFCD /* ContentView.swift */,
			);
			path = TabView;
			sourceTree = "<group>";
		};
		77781968275F595400A6DFCD /* Media */ = {
			isa = PBXGroup;
			children = (
				7778196A275F595F00A6DFCD /* View */,
				77781969275F595A00A6DFCD /* Model */,
			);
			path = Media;
			sourceTree = "<group>";
		};
		77781969275F595A00A6DFCD /* Model */ = {
			isa = PBXGroup;
			children = (
				77781971275F5BBC00A6DFCD /* MediaModel.swift */,
			);
			path = Model;
			sourceTree = "<group>";
		};
		7778196A275F595F00A6DFCD /* View */ = {
			isa = PBXGroup;
			children = (
				7778196F275F5BAC00A6DFCD /* MediaView.swift */,
			);
			path = View;
			sourceTree = "<group>";
		};
/* End PBXGroup section */

/* Begin PBXNativeTarget section */
		7778194C275F578B00A6DFCD /* AppleMusic_HW */ = {
			isa = PBXNativeTarget;
			buildConfigurationList = 7778195B275F578D00A6DFCD /* Build configuration list for PBXNativeTarget "AppleMusic_HW" */;
			buildPhases = (
				77781949275F578B00A6DFCD /* Sources */,
				7778194A275F578B00A6DFCD /* Frameworks */,
				7778194B275F578B00A6DFCD /* Resources */,
			);
			buildRules = (
			);
			dependencies = (
			);
			name = AppleMusic_HW;
			productName = AppleMusic_HW;
			productReference = 7778194D275F578B00A6DFCD /* AppleMusic_HW.app */;
			productType = "com.apple.product-type.application";
		};
/* End PBXNativeTarget section */

/* Begin PBXProject section */
		77781945275F578B00A6DFCD /* Project object */ = {
			isa = PBXProject;
			attributes = {
				BuildIndependentTargetsInParallel = 1;
				LastSwiftUpdateCheck = 1310;
				LastUpgradeCheck = 1310;
				TargetAttributes = {
					7778194C275F578B00A6DFCD = {
						CreatedOnToolsVersion = 13.1;
					};
				};
			};
			buildConfigurationList = 77781948275F578B00A6DFCD /* Build configuration list for PBXProject "AppleMusic_HW" */;
			compatibilityVersion = "Xcode 13.0";
			developmentRegion = en;
			hasScannedForEncodings = 0;
			knownRegions = (
				en,
				Base,
			);
			mainGroup = 77781944275F578B00A6DFCD;
			productRefGroup = 7778194E275F578B00A6DFCD /* Products */;
			projectDirPath = "";
			projectRoot = "";
			targets = (
				7778194C275F578B00A6DFCD /* AppleMusic_HW */,
			);
		};
/* End PBXProject section */

/* Begin PBXResourcesBuildPhase section */
		7778194B275F578B00A6DFCD /* Resources */ = {
			isa = PBXResourcesBuildPhase;
			buildActionMask = 2147483647;
			files = (
				77781958275F578D00A6DFCD /* Preview Assets.xcassets in Resources */,
				77781955275F578D00A6DFCD /* Assets.xcassets in Resources */,
			);
			runOnlyForDeploymentPostprocessing = 0;
		};
/* End PBXResourcesBuildPhase section */

/* Begin PBXSourcesBuildPhase section */
		77781949275F578B00A6DFCD /* Sources */ = {
			isa = PBXSourcesBuildPhase;
			buildActionMask = 2147483647;
			files = (
				77781972275F5BBC00A6DFCD /* MediaModel.swift in Sources */,
				77781953275F578B00A6DFCD /* ContentView.swift in Sources */,
				77781951275F578B00A6DFCD /* AppleMusic_HWApp.swift in Sources */,
				77781970275F5BAC00A6DFCD /* MediaView.swift in Sources */,
			);
			runOnlyForDeploymentPostprocessing = 0;
		};
/* End PBXSourcesBuildPhase section */

/* Begin XCBuildConfiguration section */
		77781959275F578D00A6DFCD /* Debug */ = {
			isa = XCBuildConfiguration;
			buildSettings = {
				ALWAYS_SEARCH_USER_PATHS = NO;
				CLANG_ANALYZER_NONNULL = YES;
				CLANG_ANALYZER_NUMBER_OBJECT_CONVERSION = YES_AGGRESSIVE;
				CLANG_CXX_LANGUAGE_STANDARD = "gnu++17";
				CLANG_CXX_LIBRARY = "libc++";
				CLANG_ENABLE_MODULES = YES;
				CLANG_ENABLE_OBJC_ARC = YES;
				CLANG_ENABLE_OBJC_WEAK = YES;
				CLANG_WARN_BLOCK_CAPTURE_AUTORELEASING = YES;
				CLANG_WARN_BOOL_CONVERSION = YES;
				CLANG_WARN_COMMA = YES;
				CLANG_WARN_CONSTANT_CONVERSION = YES;
				CLANG_WARN_DEPRECATED_OBJC_IMPLEMENTATIONS = YES;
				CLANG_WARN_DIRECT_OBJC_ISA_USAGE = YES_ERROR;
				CLANG_WARN_DOCUMENTATION_COMMENTS = YES;
				CLANG_WARN_EMPTY_BODY = YES;
				CLANG_WARN_ENUM_CONVERSION = YES;
				CLANG_WARN_INFINITE_RECURSION = YES;
				CLANG_WARN_INT_CONVERSION = YES;
				CLANG_WARN_NON_LITERAL_NULL_CONVERSION = YES;
				CLANG_WARN_OBJC_IMPLICIT_RETAIN_SELF = YES;
				CLANG_WARN_OBJC_LITERAL_CONVERSION = YES;
				CLANG_WARN_OBJC_ROOT_CLASS = YES_ERROR;
				CLANG_WARN_QUOTED_INCLUDE_IN_FRAMEWORK_HEADER = YES;
				CLANG_WARN_RANGE_LOOP_ANALYSIS = YES;
				CLANG_WARN_STRICT_PROTOTYPES = YES;
				CLANG_WARN_SUSPICIOUS_MOVE = YES;
				CLANG_WARN_UNGUARDED_AVAILABILITY = YES_AGGRESSIVE;
				CLANG_WARN_UNREACHABLE_CODE = YES;
				CLANG_WARN__DUPLICATE_METHOD_MATCH = YES;
				COPY_PHASE_STRIP = NO;
				DEBUG_INFORMATION_FORMAT = dwarf;
				ENABLE_STRICT_OBJC_MSGSEND = YES;
				ENABLE_TESTABILITY = YES;
				GCC_C_LANGUAGE_STANDARD = gnu11;
				GCC_DYNAMIC_NO_PIC = NO;
				GCC_NO_COMMON_BLOCKS = YES;
				GCC_OPTIMIZATION_LEVEL = 0;
				GCC_PREPROCESSOR_DEFINITIONS = (
					"DEBUG=1",
					"$(inherited)",
				);
				GCC_WARN_64_TO_32_BIT_CONVERSION = YES;
				GCC_WARN_ABOUT_RETURN_TYPE = YES_ERROR;
				GCC_WARN_UNDECLARED_SELECTOR = YES;
				GCC_WARN_UNINITIALIZED_AUTOS = YES_AGGRESSIVE;
				GCC_WARN_UNUSED_FUNCTION = YES;
				GCC_WARN_UNUSED_VARIABLE = YES;
				IPHONEOS_DEPLOYMENT_TARGET = 15.0;
				MTL_ENABLE_DEBUG_INFO = INCLUDE_SOURCE;
				MTL_FAST_MATH = YES;
				ONLY_ACTIVE_ARCH = YES;
				SDKROOT = iphoneos;
				SWIFT_ACTIVE_COMPILATION_CONDITIONS = DEBUG;
				SWIFT_OPTIMIZATION_LEVEL = "-Onone";
			};
			name = Debug;
		};
		7778195A275F578D00A6DFCD /* Release */ = {
			isa = XCBuildConfiguration;
			buildSettings = {
				ALWAYS_SEARCH_USER_PATHS = NO;
				CLANG_ANALYZER_NONNULL = YES;
				CLANG_ANALYZER_NUMBER_OBJECT_CONVERSION = YES_AGGRESSIVE;
				CLANG_CXX_LANGUAGE_STANDARD = "gnu++17";
				CLANG_CXX_LIBRARY = "libc++";
				CLANG_ENABLE_MODULES = YES;
				CLANG_ENABLE_OBJC_ARC = YES;
				CLANG_ENABLE_OBJC_WEAK = YES;
				CLANG_WARN_BLOCK_CAPTURE_AUTORELEASING = YES;
				CLANG_WARN_BOOL_CONVERSION = YES;
				CLANG_WARN_COMMA = YES;
				CLANG_WARN_CONSTANT_CONVERSION = YES;
				CLANG_WARN_DEPRECATED_OBJC_IMPLEMENTATIONS = YES;
				CLANG_WARN_DIRECT_OBJC_ISA_USAGE = YES_ERROR;
				CLANG_WARN_DOCUMENTATION_COMMENTS = YES;
				CLANG_WARN_EMPTY_BODY = YES;
				CLANG_WARN_ENUM_CONVERSION = YES;
				CLANG_WARN_INFINITE_RECURSION = YES;
				CLANG_WARN_INT_CONVERSION = YES;
				CLANG_WARN_NON_LITERAL_NULL_CONVERSION = YES;
				CLANG_WARN_OBJC_IMPLICIT_RETAIN_SELF = YES;
				CLANG_WARN_OBJC_LITERAL_CONVERSION = YES;
				CLANG_WARN_OBJC_ROOT_CLASS = YES_ERROR;
				CLANG_WARN_QUOTED_INCLUDE_IN_FRAMEWORK_HEADER = YES;
				CLANG_WARN_RANGE_LOOP_ANALYSIS = YES;
				CLANG_WARN_STRICT_PROTOTYPES = YES;
				CLANG_WARN_SUSPICIOUS_MOVE = YES;
				CLANG_WARN_UNGUARDED_AVAILABILITY = YES_AGGRESSIVE;
				CLANG_WARN_UNREACHABLE_CODE = YES;
				CLANG_WARN__DUPLICATE_METHOD_MATCH = YES;
				COPY_PHASE_STRIP = NO;
				DEBUG_INFORMATION_FORMAT = "dwarf-with-dsym";
				ENABLE_NS_ASSERTIONS = NO;
				ENABLE_STRICT_OBJC_MSGSEND = YES;
				GCC_C_LANGUAGE_STANDARD = gnu11;
				GCC_NO_COMMON_BLOCKS = YES;
				GCC_WARN_64_TO_32_BIT_CONVERSION = YES;
				GCC_WARN_ABOUT_RETURN_TYPE = YES_ERROR;
				GCC_WARN_UNDECLARED_SELECTOR = YES;
				GCC_WARN_UNINITIALIZED_AUTOS = YES_AGGRESSIVE;
				GCC_WARN_UNUSED_FUNCTION = YES;
				GCC_WARN_UNUSED_VARIABLE = YES;
				IPHONEOS_DEPLOYMENT_TARGET = 15.0;
				MTL_ENABLE_DEBUG_INFO = NO;
				MTL_FAST_MATH = YES;
				SDKROOT = iphoneos;
				SWIFT_COMPILATION_MODE = wholemodule;
				SWIFT_OPTIMIZATION_LEVEL = "-O";
				VALIDATE_PRODUCT = YES;
			};
			name = Release;
		};
		7778195C275F578D00A6DFCD /* Debug */ = {
			isa = XCBuildConfiguration;
			buildSettings = {
				ASSETCATALOG_COMPILER_APPICON_NAME = AppIcon;
				ASSETCATALOG_COMPILER_GLOBAL_ACCENT_COLOR_NAME = AccentColor;
				CODE_SIGN_STYLE = Automatic;
				CURRENT_PROJECT_VERSION = 1;
				DEVELOPMENT_ASSET_PATHS = "\"AppleMusic_HW/Preview Content\"";
				DEVELOPMENT_TEAM = 3JFTD4A88K;
				ENABLE_PREVIEWS = YES;
				GENERATE_INFOPLIST_FILE = YES;
				INFOPLIST_KEY_UIApplicationSceneManifest_Generation = YES;
				INFOPLIST_KEY_UIApplicationSupportsIndirectInputEvents = YES;
				INFOPLIST_KEY_UILaunchScreen_Generation = YES;
				INFOPLIST_KEY_UISupportedInterfaceOrientations_iPad = "UIInterfaceOrientationPortrait UIInterfaceOrientationPortraitUpsideDown UIInterfaceOrientationLandscapeLeft UIInterfaceOrientationLandscapeRight";
				INFOPLIST_KEY_UISupportedInterfaceOrientations_iPhone = "UIInterfaceOrientationPortrait UIInterfaceOrientationLandscapeLeft UIInterfaceOrientationLandscapeRight";
				LD_RUNPATH_SEARCH_PATHS = (
					"$(inherited)",
					"@executable_path/Frameworks",
				);
				MARKETING_VERSION = 1.0;
				PRODUCT_BUNDLE_IDENTIFIER = "Org.AppleMusic-HW";
				PRODUCT_NAME = "$(TARGET_NAME)";
				SWIFT_EMIT_LOC_STRINGS = YES;
				SWIFT_VERSION = 5.0;
				TARGETED_DEVICE_FAMILY = "1,2";
			};
			name = Debug;
		};
		7778195D275F578D00A6DFCD /* Release */ = {
			isa = XCBuildConfiguration;
			buildSettings = {
				ASSETCATALOG_COMPILER_APPICON_NAME = AppIcon;
				ASSETCATALOG_COMPILER_GLOBAL_ACCENT_COLOR_NAME = AccentColor;
				CODE_SIGN_STYLE = Automatic;
				CURRENT_PROJECT_VERSION = 1;
				DEVELOPMENT_ASSET_PATHS = "\"AppleMusic_HW/Preview Content\"";
				DEVELOPMENT_TEAM = 3JFTD4A88K;
				ENABLE_PREVIEWS = YES;
				GENERATE_INFOPLIST_FILE = YES;
				INFOPLIST_KEY_UIApplicationSceneManifest_Generation = YES;
				INFOPLIST_KEY_UIApplicationSupportsIndirectInputEvents = YES;
				INFOPLIST_KEY_UILaunchScreen_Generation = YES;
				INFOPLIST_KEY_UISupportedInterfaceOrientations_iPad = "UIInterfaceOrientationPortrait UIInterfaceOrientationPortraitUpsideDown UIInterfaceOrientationLandscapeLeft UIInterfaceOrientationLandscapeRight";
				INFOPLIST_KEY_UISupportedInterfaceOrientations_iPhone = "UIInterfaceOrientationPortrait UIInterfaceOrientationLandscapeLeft UIInterfaceOrientationLandscapeRight";
				LD_RUNPATH_SEARCH_PATHS = (
					"$(inherited)",
					"@executable_path/Frameworks",
				);
				MARKETING_VERSION = 1.0;
				PRODUCT_BUNDLE_IDENTIFIER = "Org.AppleMusic-HW";
				PRODUCT_NAME = "$(TARGET_NAME)";
				SWIFT_EMIT_LOC_STRINGS = YES;
				SWIFT_VERSION = 5.0;
				TARGETED_DEVICE_FAMILY = "1,2";
			};
			name = Release;
		};
/* End XCBuildConfiguration section */

/* Begin XCConfigurationList section */
		77781948275F578B00A6DFCD /* Build configuration list for PBXProject "AppleMusic_HW" */ = {
			isa = XCConfigurationList;
			buildConfigurations = (
				77781959275F578D00A6DFCD /* Debug */,
				7778195A275F578D00A6DFCD /* Release */,
			);
			defaultConfigurationIsVisible = 0;
			defaultConfigurationName = Release;
		};
		7778195B275F578D00A6DFCD /* Build configuration list for PBXNativeTarget "AppleMusic_HW" */ = {
			isa = XCConfigurationList;
			buildConfigurations = (
				7778195C275F578D00A6DFCD /* Debug */,
				7778195D275F578D00A6DFCD /* Release */,
			);
			defaultConfigurationIsVisible = 0;
			defaultConfigurationName = Release;
		};
/* End XCConfigurationList section */
	};
	rootObject = 77781945275F578B00A6DFCD /* Project object */;
}
